
Microsoft Visual Studio Solution File, Format Version 12.00
# Visual Studio Version 17
VisualStudioVersion = 17.14.36429.23
MinimumVisualStudioVersion = 10.0.40219.1
Project("{FAE04EC0-301F-11D3-BF4B-00C04F79EFBC}") = "Income", "Income.csproj", "{ADD66EDA-BB70-4EC0-A8F9-8357C6C09121}"
EndProject
Global
	GlobalSection(SolutionConfigurationPlatforms) = preSolution
		Debug|Any CPU = Debug|Any CPU
		Release|Any CPU = Release|Any CPU
	EndGlobalSection
	GlobalSection(ProjectConfigurationPlatforms) = postSolution
		{ADD66EDA-BB70-4EC0-A8F9-8357C6C09121}.Debug|Any CPU.ActiveCfg = Debug|Any CPU
		{ADD66EDA-BB70-4EC0-A8F9-8357C6C09121}.Debug|Any CPU.Build.0 = Debug|Any CPU
		{ADD66EDA-BB70-4EC0-A8F9-8357C6C09121}.Debug|Any CPU.Deploy.0 = Debug|Any CPU
		{ADD66EDA-BB70-4EC0-A8F9-8357C6C09121}.Release|Any CPU.ActiveCfg = Release|Any CPU
		{ADD66EDA-BB70-4EC0-A8F9-8357C6C09121}.Release|Any CPU.Build.0 = Release|Any CPU
		{ADD66EDA-BB70-4EC0-A8F9-8357C6C09121}.Release|Any CPU.Deploy.0 = Release|Any CPU
	EndGlobalSection
	GlobalSection(SolutionProperties) = preSolution
		HideSolutionNode = FALSE
	EndGlobalSection
	GlobalSection(ExtensibilityGlobals) = postSolution
		SolutionGuid = {B37D9B63-F9BD-4BFA-9256-A539F76E3E28}
	EndGlobalSection
EndGlobal
